// !$*UTF8*$!
{
	archiveVersion = 1;
	classes = {
	};
	objectVersion = 46;
	objects = {

/* Begin PBXBuildFile section */
		586C5E6BCE02DCFDC7C3E367 /* Pods_TwitterClone.framework in Frameworks */ = {isa = PBXBuildFile; fileRef = 674221CA5D2C228490401BD4 /* Pods_TwitterClone.framework */; };
		58817AA6680775764A025E74 /* Pods_TwitterCloneUITests.framework in Frameworks */ = {isa = PBXBuildFile; fileRef = 4929B4AAED7E5D8BC8624280 /* Pods_TwitterCloneUITests.framework */; };
		5ABAE83F9F2CD38B290DA0FB /* Pods_TwitterCloneTests.framework in Frameworks */ = {isa = PBXBuildFile; fileRef = 39EC5E2D3A61B0382534F420 /* Pods_TwitterCloneTests.framework */; };
		811B61F61E46920700915A1A /* Datasource.swift in Sources */ = {isa = PBXBuildFile; fileRef = 811B61F51E46920700915A1A /* Datasource.swift */; };
		812E74B81E47B7FA00A3413A /* UserCell.swift in Sources */ = {isa = PBXBuildFile; fileRef = 812E74B71E47B7FA00A3413A /* UserCell.swift */; };
		8142A5901E4696FC00D1CD6D /* UserHeaderFooter.swift in Sources */ = {isa = PBXBuildFile; fileRef = 8142A58F1E4696FC00D1CD6D /* UserHeaderFooter.swift */; };
		8142A59A1E47B1AF00D1CD6D /* User.swift in Sources */ = {isa = PBXBuildFile; fileRef = 8142A5991E47B1AF00D1CD6D /* User.swift */; };
		817FD0E71E4563ED00995D21 /* HomeDatasourceController.swift in Sources */ = {isa = PBXBuildFile; fileRef = 817FD0E61E4563ED00995D21 /* HomeDatasourceController.swift */; };
		81C12BF91E4A9AC30005DBB3 /* HomeDatasourceController+NavBar.swift in Sources */ = {isa = PBXBuildFile; fileRef = 81C12BF81E4A9AC30005DBB3 /* HomeDatasourceController+NavBar.swift */; };
		81C12BFB1E4A9FBC0005DBB3 /* TweetCell.swift in Sources */ = {isa = PBXBuildFile; fileRef = 81C12BFA1E4A9FBC0005DBB3 /* TweetCell.swift */; };
		81C12BFD1E4AC2120005DBB3 /* Tweet.swift in Sources */ = {isa = PBXBuildFile; fileRef = 81C12BFC1E4AC2120005DBB3 /* Tweet.swift */; };
		81EE89921E454D890049C49C /* AppDelegate.swift in Sources */ = {isa = PBXBuildFile; fileRef = 81EE89911E454D890049C49C /* AppDelegate.swift */; };
		81EE89991E454D890049C49C /* Assets.xcassets in Resources */ = {isa = PBXBuildFile; fileRef = 81EE89981E454D890049C49C /* Assets.xcassets */; };
		81EE899C1E454D890049C49C /* LaunchScreen.storyboard in Resources */ = {isa = PBXBuildFile; fileRef = 81EE899A1E454D890049C49C /* LaunchScreen.storyboard */; };
		81EE89A71E454D890049C49C /* TwitterCloneTests.swift in Sources */ = {isa = PBXBuildFile; fileRef = 81EE89A61E454D890049C49C /* TwitterCloneTests.swift */; };
		81EE89B21E454D890049C49C /* TwitterCloneUITests.swift in Sources */ = {isa = PBXBuildFile; fileRef = 81EE89B11E454D890049C49C /* TwitterCloneUITests.swift */; };
		81EE89C01E4550740049C49C /* HomeController.swift in Sources */ = {isa = PBXBuildFile; fileRef = 81EE89BF1E4550740049C49C /* HomeController.swift */; };
		81EE89C21E4550EE0049C49C /* ios in Resources */ = {isa = PBXBuildFile; fileRef = 81EE89C11E4550EE0049C49C /* ios */; };
/* End PBXBuildFile section */

/* Begin PBXContainerItemProxy section */
		81EE89A31E454D890049C49C /* PBXContainerItemProxy */ = {
			isa = PBXContainerItemProxy;
			containerPortal = 81EE89861E454D890049C49C /* Project object */;
			proxyType = 1;
			remoteGlobalIDString = 81EE898D1E454D890049C49C;
			remoteInfo = TwitterClone;
		};
		81EE89AE1E454D890049C49C /* PBXContainerItemProxy */ = {
			isa = PBXContainerItemProxy;
			containerPortal = 81EE89861E454D890049C49C /* Project object */;
			proxyType = 1;
			remoteGlobalIDString = 81EE898D1E454D890049C49C;
			remoteInfo = TwitterClone;
		};
/* End PBXContainerItemProxy section */

/* Begin PBXFileReference section */
		2B75B3BEFCE8A2F65F382C48 /* Pods-TwitterCloneUITests.debug.xcconfig */ = {isa = PBXFileReference; includeInIndex = 1; lastKnownFileType = text.xcconfig; name = "Pods-TwitterCloneUITests.debug.xcconfig"; path = "Pods/Target Support Files/Pods-TwitterCloneUITests/Pods-TwitterCloneUITests.debug.xcconfig"; sourceTree = "<group>"; };
		39EC5E2D3A61B0382534F420 /* Pods_TwitterCloneTests.framework */ = {isa = PBXFileReference; explicitFileType = wrapper.framework; includeInIndex = 0; path = Pods_TwitterCloneTests.framework; sourceTree = BUILT_PRODUCTS_DIR; };
		4929B4AAED7E5D8BC8624280 /* Pods_TwitterCloneUITests.framework */ = {isa = PBXFileReference; explicitFileType = wrapper.framework; includeInIndex = 0; path = Pods_TwitterCloneUITests.framework; sourceTree = BUILT_PRODUCTS_DIR; };
		601736EE9EC47596F08B3AA0 /* Pods-TwitterClone.debug.xcconfig */ = {isa = PBXFileReference; includeInIndex = 1; lastKnownFileType = text.xcconfig; name = "Pods-TwitterClone.debug.xcconfig"; path = "Pods/Target Support Files/Pods-TwitterClone/Pods-TwitterClone.debug.xcconfig"; sourceTree = "<group>"; };
		674221CA5D2C228490401BD4 /* Pods_TwitterClone.framework */ = {isa = PBXFileReference; explicitFileType = wrapper.framework; includeInIndex = 0; path = Pods_TwitterClone.framework; sourceTree = BUILT_PRODUCTS_DIR; };
		811B61F51E46920700915A1A /* Datasource.swift */ = {isa = PBXFileReference; fileEncoding = 4; lastKnownFileType = sourcecode.swift; path = Datasource.swift; sourceTree = "<group>"; };
		812E74B71E47B7FA00A3413A /* UserCell.swift */ = {isa = PBXFileReference; fileEncoding = 4; lastKnownFileType = sourcecode.swift; path = UserCell.swift; sourceTree = "<group>"; };
		8142A58F1E4696FC00D1CD6D /* UserHeaderFooter.swift */ = {isa = PBXFileReference; fileEncoding = 4; lastKnownFileType = sourcecode.swift; path = UserHeaderFooter.swift; sourceTree = "<group>"; };
		8142A5991E47B1AF00D1CD6D /* User.swift */ = {isa = PBXFileReference; fileEncoding = 4; lastKnownFileType = sourcecode.swift; path = User.swift; sourceTree = "<group>"; };
		817FD0E61E4563ED00995D21 /* HomeDatasourceController.swift */ = {isa = PBXFileReference; fileEncoding = 4; lastKnownFileType = sourcecode.swift; name = HomeDatasourceController.swift; path = ../HomeDatasourceController.swift; sourceTree = "<group>"; };
		81C12BF81E4A9AC30005DBB3 /* HomeDatasourceController+NavBar.swift */ = {isa = PBXFileReference; fileEncoding = 4; lastKnownFileType = sourcecode.swift; path = "HomeDatasourceController+NavBar.swift"; sourceTree = "<group>"; };
		81C12BFA1E4A9FBC0005DBB3 /* TweetCell.swift */ = {isa = PBXFileReference; fileEncoding = 4; lastKnownFileType = sourcecode.swift; path = TweetCell.swift; sourceTree = "<group>"; };
		81C12BFC1E4AC2120005DBB3 /* Tweet.swift */ = {isa = PBXFileReference; fileEncoding = 4; lastKnownFileType = sourcecode.swift; path = Tweet.swift; sourceTree = "<group>"; };
		81EE898E1E454D890049C49C /* TwitterClone.app */ = {isa = PBXFileReference; explicitFileType = wrapper.application; includeInIndex = 0; path = TwitterClone.app; sourceTree = BUILT_PRODUCTS_DIR; };
		81EE89911E454D890049C49C /* AppDelegate.swift */ = {isa = PBXFileReference; lastKnownFileType = sourcecode.swift; name = AppDelegate.swift; path = TwitterClone/AppDelegate.swift; sourceTree = "<group>"; };
		81EE89981E454D890049C49C /* Assets.xcassets */ = {isa = PBXFileReference; lastKnownFileType = folder.assetcatalog; name = Assets.xcassets; path = TwitterClone/Assets.xcassets; sourceTree = "<group>"; };
		81EE899B1E454D890049C49C /* Base */ = {isa = PBXFileReference; lastKnownFileType = file.storyboard; name = Base; path = Base.lproj/LaunchScreen.storyboard; sourceTree = "<group>"; };
		81EE899D1E454D890049C49C /* Info.plist */ = {isa = PBXFileReference; lastKnownFileType = text.plist.xml; name = Info.plist; path = TwitterClone/Info.plist; sourceTree = "<group>"; };
		81EE89A21E454D890049C49C /* TwitterCloneTests.xctest */ = {isa = PBXFileReference; explicitFileType = wrapper.cfbundle; includeInIndex = 0; path = TwitterCloneTests.xctest; sourceTree = BUILT_PRODUCTS_DIR; };
		81EE89A61E454D890049C49C /* TwitterCloneTests.swift */ = {isa = PBXFileReference; lastKnownFileType = sourcecode.swift; path = TwitterCloneTests.swift; sourceTree = "<group>"; };
		81EE89A81E454D890049C49C /* Info.plist */ = {isa = PBXFileReference; lastKnownFileType = text.plist.xml; path = Info.plist; sourceTree = "<group>"; };
		81EE89AD1E454D890049C49C /* TwitterCloneUITests.xctest */ = {isa = PBXFileReference; explicitFileType = wrapper.cfbundle; includeInIndex = 0; path = TwitterCloneUITests.xctest; sourceTree = BUILT_PRODUCTS_DIR; };
		81EE89B11E454D890049C49C /* TwitterCloneUITests.swift */ = {isa = PBXFileReference; lastKnownFileType = sourcecode.swift; path = TwitterCloneUITests.swift; sourceTree = "<group>"; };
		81EE89B31E454D890049C49C /* Info.plist */ = {isa = PBXFileReference; lastKnownFileType = text.plist.xml; path = Info.plist; sourceTree = "<group>"; };
		81EE89BF1E4550740049C49C /* HomeController.swift */ = {isa = PBXFileReference; fileEncoding = 4; lastKnownFileType = sourcecode.swift; path = HomeController.swift; sourceTree = "<group>"; };
		81EE89C11E4550EE0049C49C /* ios */ = {isa = PBXFileReference; lastKnownFileType = folder; name = ios; path = TwitterClone/ios; sourceTree = "<group>"; };
		8C5DF7402012791FD4533B42 /* Pods-TwitterClone.release.xcconfig */ = {isa = PBXFileReference; includeInIndex = 1; lastKnownFileType = text.xcconfig; name = "Pods-TwitterClone.release.xcconfig"; path = "Pods/Target Support Files/Pods-TwitterClone/Pods-TwitterClone.release.xcconfig"; sourceTree = "<group>"; };
		C6B024995591159D54F81C4E /* Pods-TwitterCloneTests.debug.xcconfig */ = {isa = PBXFileReference; includeInIndex = 1; lastKnownFileType = text.xcconfig; name = "Pods-TwitterCloneTests.debug.xcconfig"; path = "Pods/Target Support Files/Pods-TwitterCloneTests/Pods-TwitterCloneTests.debug.xcconfig"; sourceTree = "<group>"; };
		D9669CDFF7A860F360E95B5A /* Pods-TwitterCloneUITests.release.xcconfig */ = {isa = PBXFileReference; includeInIndex = 1; lastKnownFileType = text.xcconfig; name = "Pods-TwitterCloneUITests.release.xcconfig"; path = "Pods/Target Support Files/Pods-TwitterCloneUITests/Pods-TwitterCloneUITests.release.xcconfig"; sourceTree = "<group>"; };
		F26AA351E77AA72AC78D3562 /* Pods-TwitterCloneTests.release.xcconfig */ = {isa = PBXFileReference; includeInIndex = 1; lastKnownFileType = text.xcconfig; name = "Pods-TwitterCloneTests.release.xcconfig"; path = "Pods/Target Support Files/Pods-TwitterCloneTests/Pods-TwitterCloneTests.release.xcconfig"; sourceTree = "<group>"; };
/* End PBXFileReference section */

/* Begin PBXFrameworksBuildPhase section */
		81EE898B1E454D890049C49C /* Frameworks */ = {
			isa = PBXFrameworksBuildPhase;
			buildActionMask = 2147483647;
			files = (
				586C5E6BCE02DCFDC7C3E367 /* Pods_TwitterClone.framework in Frameworks */,
			);
			runOnlyForDeploymentPostprocessing = 0;
		};
		81EE899F1E454D890049C49C /* Frameworks */ = {
			isa = PBXFrameworksBuildPhase;
			buildActionMask = 2147483647;
			files = (
				5ABAE83F9F2CD38B290DA0FB /* Pods_TwitterCloneTests.framework in Frameworks */,
			);
			runOnlyForDeploymentPostprocessing = 0;
		};
		81EE89AA1E454D890049C49C /* Frameworks */ = {
			isa = PBXFrameworksBuildPhase;
			buildActionMask = 2147483647;
			files = (
				58817AA6680775764A025E74 /* Pods_TwitterCloneUITests.framework in Frameworks */,
			);
			runOnlyForDeploymentPostprocessing = 0;
		};
/* End PBXFrameworksBuildPhase section */

/* Begin PBXGroup section */
		811B61F11E46918100915A1A /* VIEW */ = {
			isa = PBXGroup;
			children = (
				8142A58F1E4696FC00D1CD6D /* UserHeaderFooter.swift */,
				812E74B71E47B7FA00A3413A /* UserCell.swift */,
				81C12BFA1E4A9FBC0005DBB3 /* TweetCell.swift */,
			);
			name = VIEW;
			sourceTree = "<group>";
		};
		811B61F21E46918900915A1A /* MODAL */ = {
			isa = PBXGroup;
			children = (
				811B61F51E46920700915A1A /* Datasource.swift */,
				8142A5991E47B1AF00D1CD6D /* User.swift */,
				81C12BFC1E4AC2120005DBB3 /* Tweet.swift */,
			);
			name = MODAL;
			sourceTree = "<group>";
		};
		81EE89851E454D890049C49C = {
			isa = PBXGroup;
			children = (
				81EE89911E454D890049C49C /* AppDelegate.swift */,
				811B61F21E46918900915A1A /* MODAL */,
				811B61F11E46918100915A1A /* VIEW */,
				81EE89901E454D890049C49C /* CONTROLLER */,
				81EE89A51E454D890049C49C /* TwitterCloneTests */,
				81EE89B01E454D890049C49C /* TwitterCloneUITests */,
				81EE898F1E454D890049C49C /* Products */,
				B18E917ECE4B7B7575669E5D /* Pods */,
				EF16DA1E76D0C1ECAC6EB8D3 /* Frameworks */,
				81EE899D1E454D890049C49C /* Info.plist */,
				81EE89981E454D890049C49C /* Assets.xcassets */,
				81EE89C11E4550EE0049C49C /* ios */,
				81EE899A1E454D890049C49C /* LaunchScreen.storyboard */,
				81EE89BF1E4550740049C49C /* HomeController.swift */,
			);
			sourceTree = "<group>";
		};
		81EE898F1E454D890049C49C /* Products */ = {
			isa = PBXGroup;
			children = (
				81EE898E1E454D890049C49C /* TwitterClone.app */,
				81EE89A21E454D890049C49C /* TwitterCloneTests.xctest */,
				81EE89AD1E454D890049C49C /* TwitterCloneUITests.xctest */,
			);
			name = Products;
			sourceTree = "<group>";
		};
		81EE89901E454D890049C49C /* CONTROLLER */ = {
			isa = PBXGroup;
			children = (
				817FD0E61E4563ED00995D21 /* HomeDatasourceController.swift */,
				81C12BF81E4A9AC30005DBB3 /* HomeDatasourceController+NavBar.swift */,
			);
			name = CONTROLLER;
			path = TwitterClone;
			sourceTree = "<group>";
		};
		81EE89A51E454D890049C49C /* TwitterCloneTests */ = {
			isa = PBXGroup;
			children = (
				81EE89A61E454D890049C49C /* TwitterCloneTests.swift */,
				81EE89A81E454D890049C49C /* Info.plist */,
			);
			path = TwitterCloneTests;
			sourceTree = "<group>";
		};
		81EE89B01E454D890049C49C /* TwitterCloneUITests */ = {
			isa = PBXGroup;
			children = (
				81EE89B11E454D890049C49C /* TwitterCloneUITests.swift */,
				81EE89B31E454D890049C49C /* Info.plist */,
			);
			path = TwitterCloneUITests;
			sourceTree = "<group>";
		};
		B18E917ECE4B7B7575669E5D /* Pods */ = {
			isa = PBXGroup;
			children = (
				601736EE9EC47596F08B3AA0 /* Pods-TwitterClone.debug.xcconfig */,
				8C5DF7402012791FD4533B42 /* Pods-TwitterClone.release.xcconfig */,
				C6B024995591159D54F81C4E /* Pods-TwitterCloneTests.debug.xcconfig */,
				F26AA351E77AA72AC78D3562 /* Pods-TwitterCloneTests.release.xcconfig */,
				2B75B3BEFCE8A2F65F382C48 /* Pods-TwitterCloneUITests.debug.xcconfig */,
				D9669CDFF7A860F360E95B5A /* Pods-TwitterCloneUITests.release.xcconfig */,
			);
			name = Pods;
			sourceTree = "<group>";
		};
		EF16DA1E76D0C1ECAC6EB8D3 /* Frameworks */ = {
			isa = PBXGroup;
			children = (
				674221CA5D2C228490401BD4 /* Pods_TwitterClone.framework */,
				39EC5E2D3A61B0382534F420 /* Pods_TwitterCloneTests.framework */,
				4929B4AAED7E5D8BC8624280 /* Pods_TwitterCloneUITests.framework */,
			);
			name = Frameworks;
			sourceTree = "<group>";
		};
/* End PBXGroup section */

/* Begin PBXNativeTarget section */
		81EE898D1E454D890049C49C /* TwitterClone */ = {
			isa = PBXNativeTarget;
			buildConfigurationList = 81EE89B61E454D890049C49C /* Build configuration list for PBXNativeTarget "TwitterClone" */;
			buildPhases = (
				7BA7232D7CDFFC9BD860488E /* [CP] Check Pods Manifest.lock */,
				81EE898A1E454D890049C49C /* Sources */,
				81EE898B1E454D890049C49C /* Frameworks */,
				81EE898C1E454D890049C49C /* Resources */,
				B0A8016AB73F46C56BA25430 /* [CP] Embed Pods Frameworks */,
				0EA58BAFB425121A2F5338F9 /* [CP] Copy Pods Resources */,
			);
			buildRules = (
			);
			dependencies = (
			);
			name = TwitterClone;
			productName = TwitterClone;
			productReference = 81EE898E1E454D890049C49C /* TwitterClone.app */;
			productType = "com.apple.product-type.application";
		};
		81EE89A11E454D890049C49C /* TwitterCloneTests */ = {
			isa = PBXNativeTarget;
			buildConfigurationList = 81EE89B91E454D890049C49C /* Build configuration list for PBXNativeTarget "TwitterCloneTests" */;
			buildPhases = (
				6163DE8BA10B54CE0D4AEC17 /* [CP] Check Pods Manifest.lock */,
				81EE899E1E454D890049C49C /* Sources */,
				81EE899F1E454D890049C49C /* Frameworks */,
				81EE89A01E454D890049C49C /* Resources */,
				D9FD24C645925EC6B5C3129F /* [CP] Embed Pods Frameworks */,
				663BBA0AF30D15425DAE7C89 /* [CP] Copy Pods Resources */,
			);
			buildRules = (
			);
			dependencies = (
				81EE89A41E454D890049C49C /* PBXTargetDependency */,
			);
			name = TwitterCloneTests;
			productName = TwitterCloneTests;
			productReference = 81EE89A21E454D890049C49C /* TwitterCloneTests.xctest */;
			productType = "com.apple.product-type.bundle.unit-test";
		};
		81EE89AC1E454D890049C49C /* TwitterCloneUITests */ = {
			isa = PBXNativeTarget;
			buildConfigurationList = 81EE89BC1E454D890049C49C /* Build configuration list for PBXNativeTarget "TwitterCloneUITests" */;
			buildPhases = (
				3AC718FF792F52A68766CCBF /* [CP] Check Pods Manifest.lock */,
				81EE89A91E454D890049C49C /* Sources */,
				81EE89AA1E454D890049C49C /* Frameworks */,
				81EE89AB1E454D890049C49C /* Resources */,
				31E3FD7B3528653EAE635C8F /* [CP] Embed Pods Frameworks */,
				05B295771705B8FC5758B31F /* [CP] Copy Pods Resources */,
			);
			buildRules = (
			);
			dependencies = (
				81EE89AF1E454D890049C49C /* PBXTargetDependency */,
			);
			name = TwitterCloneUITests;
			productName = TwitterCloneUITests;
			productReference = 81EE89AD1E454D890049C49C /* TwitterCloneUITests.xctest */;
			productType = "com.apple.product-type.bundle.ui-testing";
		};
/* End PBXNativeTarget section */

/* Begin PBXProject section */
		81EE89861E454D890049C49C /* Project object */ = {
			isa = PBXProject;
			attributes = {
				LastSwiftUpdateCheck = 0830;
				LastUpgradeCheck = 0830;
				ORGANIZATIONNAME = "Fenix Design";
				TargetAttributes = {
					81EE898D1E454D890049C49C = {
						CreatedOnToolsVersion = 8.3;
						DevelopmentTeam = LK662Y5U4K;
						ProvisioningStyle = Automatic;
					};
					81EE89A11E454D890049C49C = {
						CreatedOnToolsVersion = 8.3;
						DevelopmentTeam = LK662Y5U4K;
						ProvisioningStyle = Automatic;
						TestTargetID = 81EE898D1E454D890049C49C;
					};
					81EE89AC1E454D890049C49C = {
						CreatedOnToolsVersion = 8.3;
						DevelopmentTeam = LK662Y5U4K;
						ProvisioningStyle = Automatic;
						TestTargetID = 81EE898D1E454D890049C49C;
					};
				};
			};
			buildConfigurationList = 81EE89891E454D890049C49C /* Build configuration list for PBXProject "TwitterClone" */;
			compatibilityVersion = "Xcode 3.2";
			developmentRegion = English;
			hasScannedForEncodings = 0;
			knownRegions = (
				en,
				Base,
			);
			mainGroup = 81EE89851E454D890049C49C;
			productRefGroup = 81EE898F1E454D890049C49C /* Products */;
			projectDirPath = "";
			projectRoot = "";
			targets = (
				81EE898D1E454D890049C49C /* TwitterClone */,
				81EE89A11E454D890049C49C /* TwitterCloneTests */,
				81EE89AC1E454D890049C49C /* TwitterCloneUITests */,
			);
		};
/* End PBXProject section */

/* Begin PBXResourcesBuildPhase section */
		81EE898C1E454D890049C49C /* Resources */ = {
			isa = PBXResourcesBuildPhase;
			buildActionMask = 2147483647;
			files = (
				81EE899C1E454D890049C49C /* LaunchScreen.storyboard in Resources */,
				81EE89991E454D890049C49C /* Assets.xcassets in Resources */,
				81EE89C21E4550EE0049C49C /* ios in Resources */,
			);
			runOnlyForDeploymentPostprocessing = 0;
		};
		81EE89A01E454D890049C49C /* Resources */ = {
			isa = PBXResourcesBuildPhase;
			buildActionMask = 2147483647;
			files = (
			);
			runOnlyForDeploymentPostprocessing = 0;
		};
		81EE89AB1E454D890049C49C /* Resources */ = {
			isa = PBXResourcesBuildPhase;
			buildActionMask = 2147483647;
			files = (
			);
			runOnlyForDeploymentPostprocessing = 0;
		};
/* End PBXResourcesBuildPhase section */

/* Begin PBXShellScriptBuildPhase section */
		05B295771705B8FC5758B31F /* [CP] Copy Pods Resources */ = {
			isa = PBXShellScriptBuildPhase;
			buildActionMask = 2147483647;
			files = (
			);
			inputPaths = (
			);
			name = "[CP] Copy Pods Resources";
			outputPaths = (
			);
			runOnlyForDeploymentPostprocessing = 0;
			shellPath = /bin/sh;
			shellScript = "\"${SRCROOT}/Pods/Target Support Files/Pods-TwitterCloneUITests/Pods-TwitterCloneUITests-resources.sh\"\n";
			showEnvVarsInLog = 0;
		};
		0EA58BAFB425121A2F5338F9 /* [CP] Copy Pods Resources */ = {
			isa = PBXShellScriptBuildPhase;
			buildActionMask = 2147483647;
			files = (
			);
			inputPaths = (
			);
			name = "[CP] Copy Pods Resources";
			outputPaths = (
			);
			runOnlyForDeploymentPostprocessing = 0;
			shellPath = /bin/sh;
			shellScript = "\"${SRCROOT}/Pods/Target Support Files/Pods-TwitterClone/Pods-TwitterClone-resources.sh\"\n";
			showEnvVarsInLog = 0;
		};
		31E3FD7B3528653EAE635C8F /* [CP] Embed Pods Frameworks */ = {
			isa = PBXShellScriptBuildPhase;
			buildActionMask = 2147483647;
			files = (
			);
			inputPaths = (
			);
			name = "[CP] Embed Pods Frameworks";
			outputPaths = (
			);
			runOnlyForDeploymentPostprocessing = 0;
			shellPath = /bin/sh;
			shellScript = "\"${SRCROOT}/Pods/Target Support Files/Pods-TwitterCloneUITests/Pods-TwitterCloneUITests-frameworks.sh\"\n";
			showEnvVarsInLog = 0;
		};
		3AC718FF792F52A68766CCBF /* [CP] Check Pods Manifest.lock */ = {
			isa = PBXShellScriptBuildPhase;
			buildActionMask = 2147483647;
			files = (
			);
			inputPaths = (
			);
			name = "[CP] Check Pods Manifest.lock";
			outputPaths = (
			);
			runOnlyForDeploymentPostprocessing = 0;
			shellPath = /bin/sh;
			shellScript = "diff \"${PODS_ROOT}/../Podfile.lock\" \"${PODS_ROOT}/Manifest.lock\" > /dev/null\nif [ $? != 0 ] ; then\n    # print error to STDERR\n    echo \"error: The sandbox is not in sync with the Podfile.lock. Run 'pod install' or update your CocoaPods installation.\" >&2\n    exit 1\nfi\n";
			showEnvVarsInLog = 0;
		};
		6163DE8BA10B54CE0D4AEC17 /* [CP] Check Pods Manifest.lock */ = {
			isa = PBXShellScriptBuildPhase;
			buildActionMask = 2147483647;
			files = (
			);
			inputPaths = (
			);
			name = "[CP] Check Pods Manifest.lock";
			outputPaths = (
			);
			runOnlyForDeploymentPostprocessing = 0;
			shellPath = /bin/sh;
			shellScript = "diff \"${PODS_ROOT}/../Podfile.lock\" \"${PODS_ROOT}/Manifest.lock\" > /dev/null\nif [ $? != 0 ] ; then\n    # print error to STDERR\n    echo \"error: The sandbox is not in sync with the Podfile.lock. Run 'pod install' or update your CocoaPods installation.\" >&2\n    exit 1\nfi\n";
			showEnvVarsInLog = 0;
		};
		663BBA0AF30D15425DAE7C89 /* [CP] Copy Pods Resources */ = {
			isa = PBXShellScriptBuildPhase;
			buildActionMask = 2147483647;
			files = (
			);
			inputPaths = (
			);
			name = "[CP] Copy Pods Resources";
			outputPaths = (
			);
			runOnlyForDeploymentPostprocessing = 0;
			shellPath = /bin/sh;
			shellScript = "\"${SRCROOT}/Pods/Target Support Files/Pods-TwitterCloneTests/Pods-TwitterCloneTests-resources.sh\"\n";
			showEnvVarsInLog = 0;
		};
		7BA7232D7CDFFC9BD860488E /* [CP] Check Pods Manifest.lock */ = {
			isa = PBXShellScriptBuildPhase;
			buildActionMask = 2147483647;
			files = (
			);
			inputPaths = (
			);
			name = "[CP] Check Pods Manifest.lock";
			outputPaths = (
			);
			runOnlyForDeploymentPostprocessing = 0;
			shellPath = /bin/sh;
			shellScript = "diff \"${PODS_ROOT}/../Podfile.lock\" \"${PODS_ROOT}/Manifest.lock\" > /dev/null\nif [ $? != 0 ] ; then\n    # print error to STDERR\n    echo \"error: The sandbox is not in sync with the Podfile.lock. Run 'pod install' or update your CocoaPods installation.\" >&2\n    exit 1\nfi\n";
			showEnvVarsInLog = 0;
		};
		B0A8016AB73F46C56BA25430 /* [CP] Embed Pods Frameworks */ = {
			isa = PBXShellScriptBuildPhase;
			buildActionMask = 2147483647;
			files = (
			);
			inputPaths = (
			);
			name = "[CP] Embed Pods Frameworks";
			outputPaths = (
			);
			runOnlyForDeploymentPostprocessing = 0;
			shellPath = /bin/sh;
			shellScript = "\"${SRCROOT}/Pods/Target Support Files/Pods-TwitterClone/Pods-TwitterClone-frameworks.sh\"\n";
			showEnvVarsInLog = 0;
		};
		D9FD24C645925EC6B5C3129F /* [CP] Embed Pods Frameworks */ = {
			isa = PBXShellScriptBuildPhase;
			buildActionMask = 2147483647;
			files = (
			);
			inputPaths = (
			);
			name = "[CP] Embed Pods Frameworks";
			outputPaths = (
			);
			runOnlyForDeploymentPostprocessing = 0;
			shellPath = /bin/sh;
			shellScript = "\"${SRCROOT}/Pods/Target Support Files/Pods-TwitterCloneTests/Pods-TwitterCloneTests-frameworks.sh\"\n";
			showEnvVarsInLog = 0;
		};
/* End PBXShellScriptBuildPhase section */

/* Begin PBXSourcesBuildPhase section */
		81EE898A1E454D890049C49C /* Sources */ = {
			isa = PBXSourcesBuildPhase;
			buildActionMask = 2147483647;
			files = (
				81EE89C01E4550740049C49C /* HomeController.swift in Sources */,
				81C12BFD1E4AC2120005DBB3 /* Tweet.swift in Sources */,
				811B61F61E46920700915A1A /* Datasource.swift in Sources */,
				8142A59A1E47B1AF00D1CD6D /* User.swift in Sources */,
				81C12BFB1E4A9FBC0005DBB3 /* TweetCell.swift in Sources */,
				8142A5901E4696FC00D1CD6D /* UserHeaderFooter.swift in Sources */,
				817FD0E71E4563ED00995D21 /* HomeDatasourceController.swift in Sources */,
				81C12BF91E4A9AC30005DBB3 /* HomeDatasourceController+NavBar.swift in Sources */,
				81EE89921E454D890049C49C /* AppDelegate.swift in Sources */,
				812E74B81E47B7FA00A3413A /* UserCell.swift in Sources */,
			);
			runOnlyForDeploymentPostprocessing = 0;
		};
		81EE899E1E454D890049C49C /* Sources */ = {
			isa = PBXSourcesBuildPhase;
			buildActionMask = 2147483647;
			files = (
				81EE89A71E454D890049C49C /* TwitterCloneTests.swift in Sources */,
			);
			runOnlyForDeploymentPostprocessing = 0;
		};
		81EE89A91E454D890049C49C /* Sources */ = {
			isa = PBXSourcesBuildPhase;
			buildActionMask = 2147483647;
			files = (
				81EE89B21E454D890049C49C /* TwitterCloneUITests.swift in Sources */,
			);
			runOnlyForDeploymentPostprocessing = 0;
		};
/* End PBXSourcesBuildPhase section */

/* Begin PBXTargetDependency section */
		81EE89A41E454D890049C49C /* PBXTargetDependency */ = {
			isa = PBXTargetDependency;
			target = 81EE898D1E454D890049C49C /* TwitterClone */;
			targetProxy = 81EE89A31E454D890049C49C /* PBXContainerItemProxy */;
		};
		81EE89AF1E454D890049C49C /* PBXTargetDependency */ = {
			isa = PBXTargetDependency;
			target = 81EE898D1E454D890049C49C /* TwitterClone */;
			targetProxy = 81EE89AE1E454D890049C49C /* PBXContainerItemProxy */;
		};
/* End PBXTargetDependency section */

/* Begin PBXVariantGroup section */
		81EE899A1E454D890049C49C /* LaunchScreen.storyboard */ = {
			isa = PBXVariantGroup;
			children = (
				81EE899B1E454D890049C49C /* Base */,
			);
			name = LaunchScreen.storyboard;
			path = TwitterClone;
			sourceTree = "<group>";
		};
/* End PBXVariantGroup section */

/* Begin XCBuildConfiguration section */
		81EE89B41E454D890049C49C /* Debug */ = {
			isa = XCBuildConfiguration;
			buildSettings = {
				ALWAYS_SEARCH_USER_PATHS = NO;
				CLANG_ANALYZER_NONNULL = YES;
				CLANG_ANALYZER_NUMBER_OBJECT_CONVERSION = YES_AGGRESSIVE;
				CLANG_CXX_LANGUAGE_STANDARD = "gnu++0x";
				CLANG_CXX_LIBRARY = "libc++";
				CLANG_ENABLE_MODULES = YES;
				CLANG_ENABLE_OBJC_ARC = YES;
				CLANG_WARN_BOOL_CONVERSION = YES;
				CLANG_WARN_CONSTANT_CONVERSION = YES;
				CLANG_WARN_DIRECT_OBJC_ISA_USAGE = YES_ERROR;
				CLANG_WARN_DOCUMENTATION_COMMENTS = YES;
				CLANG_WARN_EMPTY_BODY = YES;
				CLANG_WARN_ENUM_CONVERSION = YES;
				CLANG_WARN_INFINITE_RECURSION = YES;
				CLANG_WARN_INT_CONVERSION = YES;
				CLANG_WARN_OBJC_ROOT_CLASS = YES_ERROR;
				CLANG_WARN_SUSPICIOUS_MOVE = YES;
				CLANG_WARN_UNREACHABLE_CODE = YES;
				CLANG_WARN__DUPLICATE_METHOD_MATCH = YES;
				"CODE_SIGN_IDENTITY[sdk=iphoneos*]" = "iPhone Developer";
				COPY_PHASE_STRIP = NO;
				DEBUG_INFORMATION_FORMAT = dwarf;
				ENABLE_STRICT_OBJC_MSGSEND = YES;
				ENABLE_TESTABILITY = YES;
				GCC_C_LANGUAGE_STANDARD = gnu99;
				GCC_DYNAMIC_NO_PIC = NO;
				GCC_NO_COMMON_BLOCKS = YES;
				GCC_OPTIMIZATION_LEVEL = 0;
				GCC_PREPROCESSOR_DEFINITIONS = (
					"DEBUG=1",
					"$(inherited)",
				);
				GCC_WARN_64_TO_32_BIT_CONVERSION = YES;
				GCC_WARN_ABOUT_RETURN_TYPE = YES_ERROR;
				GCC_WARN_UNDECLARED_SELECTOR = YES;
				GCC_WARN_UNINITIALIZED_AUTOS = YES_AGGRESSIVE;
				GCC_WARN_UNUSED_FUNCTION = YES;
				GCC_WARN_UNUSED_VARIABLE = YES;
				IPHONEOS_DEPLOYMENT_TARGET = 10.2;
				MTL_ENABLE_DEBUG_INFO = YES;
				ONLY_ACTIVE_ARCH = YES;
				SDKROOT = iphoneos;
				SWIFT_ACTIVE_COMPILATION_CONDITIONS = DEBUG;
				SWIFT_OPTIMIZATION_LEVEL = "-Onone";
				TARGETED_DEVICE_FAMILY = "1,2";
			};
			name = Debug;
		};
		81EE89B51E454D890049C49C /* Release */ = {
			isa = XCBuildConfiguration;
			buildSettings = {
				ALWAYS_SEARCH_USER_PATHS = NO;
				CLANG_ANALYZER_NONNULL = YES;
				CLANG_ANALYZER_NUMBER_OBJECT_CONVERSION = YES_AGGRESSIVE;
				CLANG_CXX_LANGUAGE_STANDARD = "gnu++0x";
				CLANG_CXX_LIBRARY = "libc++";
				CLANG_ENABLE_MODULES = YES;
				CLANG_ENABLE_OBJC_ARC = YES;
				CLANG_WARN_BOOL_CONVERSION = YES;
				CLANG_WARN_CONSTANT_CONVERSION = YES;
				CLANG_WARN_DIRECT_OBJC_ISA_USAGE = YES_ERROR;
				CLANG_WARN_DOCUMENTATION_COMMENTS = YES;
				CLANG_WARN_EMPTY_BODY = YES;
				CLANG_WARN_ENUM_CONVERSION = YES;
				CLANG_WARN_INFINITE_RECURSION = YES;
				CLANG_WARN_INT_CONVERSION = YES;
				CLANG_WARN_OBJC_ROOT_CLASS = YES_ERROR;
				CLANG_WARN_SUSPICIOUS_MOVE = YES;
				CLANG_WARN_UNREACHABLE_CODE = YES;
				CLANG_WARN__DUPLICATE_METHOD_MATCH = YES;
				"CODE_SIGN_IDENTITY[sdk=iphoneos*]" = "iPhone Developer";
				COPY_PHASE_STRIP = NO;
				DEBUG_INFORMATION_FORMAT = "dwarf-with-dsym";
				ENABLE_NS_ASSERTIONS = NO;
				ENABLE_STRICT_OBJC_MSGSEND = YES;
				GCC_C_LANGUAGE_STANDARD = gnu99;
				GCC_NO_COMMON_BLOCKS = YES;
				GCC_WARN_64_TO_32_BIT_CONVERSION = YES;
				GCC_WARN_ABOUT_RETURN_TYPE = YES_ERROR;
				GCC_WARN_UNDECLARED_SELECTOR = YES;
				GCC_WARN_UNINITIALIZED_AUTOS = YES_AGGRESSIVE;
				GCC_WARN_UNUSED_FUNCTION = YES;
				GCC_WARN_UNUSED_VARIABLE = YES;
				IPHONEOS_DEPLOYMENT_TARGET = 10.2;
				MTL_ENABLE_DEBUG_INFO = NO;
				SDKROOT = iphoneos;
				SWIFT_OPTIMIZATION_LEVEL = "-Owholemodule";
				TARGETED_DEVICE_FAMILY = "1,2";
				VALIDATE_PRODUCT = YES;
			};
			name = Release;
		};
		81EE89B71E454D890049C49C /* Debug */ = {
			isa = XCBuildConfiguration;
			baseConfigurationReference = 601736EE9EC47596F08B3AA0 /* Pods-TwitterClone.debug.xcconfig */;
			buildSettings = {
				ASSETCATALOG_COMPILER_APPICON_NAME = AppIcon;
				DEVELOPMENT_TEAM = LK662Y5U4K;
				INFOPLIST_FILE = TwitterClone/Info.plist;
				LD_RUNPATH_SEARCH_PATHS = "$(inherited) @executable_path/Frameworks";
				PRODUCT_BUNDLE_IDENTIFIER = com.FenixDesignz.TwitterClone;
				PRODUCT_NAME = "$(TARGET_NAME)";
				SWIFT_VERSION = 3.0;
			};
			name = Debug;
		};
		81EE89B81E454D890049C49C /* Release */ = {
			isa = XCBuildConfiguration;
			baseConfigurationReference = 8C5DF7402012791FD4533B42 /* Pods-TwitterClone.release.xcconfig */;
			buildSettings = {
				ASSETCATALOG_COMPILER_APPICON_NAME = AppIcon;
				DEVELOPMENT_TEAM = LK662Y5U4K;
				INFOPLIST_FILE = TwitterClone/Info.plist;
				LD_RUNPATH_SEARCH_PATHS = "$(inherited) @executable_path/Frameworks";
				PRODUCT_BUNDLE_IDENTIFIER = com.FenixDesignz.TwitterClone;
				PRODUCT_NAME = "$(TARGET_NAME)";
				SWIFT_VERSION = 3.0;
			};
			name = Release;
		};
		81EE89BA1E454D890049C49C /* Debug */ = {
			isa = XCBuildConfiguration;
			baseConfigurationReference = C6B024995591159D54F81C4E /* Pods-TwitterCloneTests.debug.xcconfig */;
			buildSettings = {
				ALWAYS_EMBED_SWIFT_STANDARD_LIBRARIES = YES;
				BUNDLE_LOADER = "$(TEST_HOST)";
				DEVELOPMENT_TEAM = LK662Y5U4K;
				INFOPLIST_FILE = TwitterCloneTests/Info.plist;
				LD_RUNPATH_SEARCH_PATHS = "$(inherited) @executable_path/Frameworks @loader_path/Frameworks";
				PRODUCT_BUNDLE_IDENTIFIER = com.FenixDesignz.TwitterCloneTests;
				PRODUCT_NAME = "$(TARGET_NAME)";
				SWIFT_VERSION = 3.0;
				TEST_HOST = "$(BUILT_PRODUCTS_DIR)/TwitterClone.app/TwitterClone";
			};
			name = Debug;
		};
		81EE89BB1E454D890049C49C /* Release */ = {
			isa = XCBuildConfiguration;
			baseConfigurationReference = F26AA351E77AA72AC78D3562 /* Pods-TwitterCloneTests.release.xcconfig */;
			buildSettings = {
				ALWAYS_EMBED_SWIFT_STANDARD_LIBRARIES = YES;
				BUNDLE_LOADER = "$(TEST_HOST)";
				DEVELOPMENT_TEAM = LK662Y5U4K;
				INFOPLIST_FILE = TwitterCloneTests/Info.plist;
				LD_RUNPATH_SEARCH_PATHS = "$(inherited) @executable_path/Frameworks @loader_path/Frameworks";
				PRODUCT_BUNDLE_IDENTIFIER = com.FenixDesignz.TwitterCloneTests;
				PRODUCT_NAME = "$(TARGET_NAME)";
				SWIFT_VERSION = 3.0;
				TEST_HOST = "$(BUILT_PRODUCTS_DIR)/TwitterClone.app/TwitterClone";
			};
			name = Release;
		};
		81EE89BD1E454D890049C49C /* Debug */ = {
			isa = XCBuildConfiguration;
			baseConfigurationReference = 2B75B3BEFCE8A2F65F382C48 /* Pods-TwitterCloneUITests.debug.xcconfig */;
			buildSettings = {
				ALWAYS_EMBED_SWIFT_STANDARD_LIBRARIES = YES;
				DEVELOPMENT_TEAM = LK662Y5U4K;
				INFOPLIST_FILE = TwitterCloneUITests/Info.plist;
				LD_RUNPATH_SEARCH_PATHS = "$(inherited) @executable_path/Frameworks @loader_path/Frameworks";
				PRODUCT_BUNDLE_IDENTIFIER = com.FenixDesignz.TwitterCloneUITests;
				PRODUCT_NAME = "$(TARGET_NAME)";
				SWIFT_VERSION = 3.0;
				TEST_TARGET_NAME = TwitterClone;
			};
			name = Debug;
		};
		81EE89BE1E454D890049C49C /* Release */ = {
			isa = XCBuildConfiguration;
			baseConfigurationReference = D9669CDFF7A860F360E95B5A /* Pods-TwitterCloneUITests.release.xcconfig */;
			buildSettings = {
				ALWAYS_EMBED_SWIFT_STANDARD_LIBRARIES = YES;
				DEVELOPMENT_TEAM = LK662Y5U4K;
				INFOPLIST_FILE = TwitterCloneUITests/Info.plist;
				LD_RUNPATH_SEARCH_PATHS = "$(inherited) @executable_path/Frameworks @loader_path/Frameworks";
				PRODUCT_BUNDLE_IDENTIFIER = com.FenixDesignz.TwitterCloneUITests;
				PRODUCT_NAME = "$(TARGET_NAME)";
				SWIFT_VERSION = 3.0;
				TEST_TARGET_NAME = TwitterClone;
			};
			name = Release;
		};
/* End XCBuildConfiguration section */

/* Begin XCConfigurationList section */
		81EE89891E454D890049C49C /* Build configuration list for PBXProject "TwitterClone" */ = {
			isa = XCConfigurationList;
			buildConfigurations = (
				81EE89B41E454D890049C49C /* Debug */,
				81EE89B51E454D890049C49C /* Release */,
			);
			defaultConfigurationIsVisible = 0;
			defaultConfigurationName = Release;
		};
		81EE89B61E454D890049C49C /* Build configuration list for PBXNativeTarget "TwitterClone" */ = {
			isa = XCConfigurationList;
			buildConfigurations = (
				81EE89B71E454D890049C49C /* Debug */,
				81EE89B81E454D890049C49C /* Release */,
			);
			defaultConfigurationIsVisible = 0;
			defaultConfigurationName = Release;
		};
		81EE89B91E454D890049C49C /* Build configuration list for PBXNativeTarget "TwitterCloneTests" */ = {
			isa = XCConfigurationList;
			buildConfigurations = (
				81EE89BA1E454D890049C49C /* Debug */,
				81EE89BB1E454D890049C49C /* Release */,
			);
			defaultConfigurationIsVisible = 0;
			defaultConfigurationName = Release;
		};
		81EE89BC1E454D890049C49C /* Build configuration list for PBXNativeTarget "TwitterCloneUITests" */ = {
			isa = XCConfigurationList;
			buildConfigurations = (
				81EE89BD1E454D890049C49C /* Debug */,
				81EE89BE1E454D890049C49C /* Release */,
			);
			defaultConfigurationIsVisible = 0;
			defaultConfigurationName = Release;
		};
/* End XCConfigurationList section */
	};
	rootObject = 81EE89861E454D890049C49C /* Project object */;
}
